
Microsoft Visual Studio Solution File, Format Version 12.00
# Visual Studio Version 17
VisualStudioVersion = 17.7.34003.232
MinimumVisualStudioVersion = 10.0.40219.1
Project("{9A19103F-16F7-4668-BE54-9A1E7A4F7556}") = "ModernMCE.Core", "ModernMCE.Core\ModernMCE.Core.csproj", "{2EB54D26-E9C2-414A-80F3-5A3F36154D55}"
EndProject
Project("{9A19103F-16F7-4668-BE54-9A1E7A4F7556}") = "ModernMCE.MAUIAPP", "ModernMCE.MAUIAPP\ModernMCE.MAUIAPP.csproj", "{BEC36F39-A277-411E-BA96-4550FC275FE5}"
EndProject
Global
	GlobalSection(SolutionConfigurationPlatforms) = preSolution
		Debug|Any CPU = Debug|Any CPU
		Release|Any CPU = Release|Any CPU
	EndGlobalSection
	GlobalSection(ProjectConfigurationPlatforms) = postSolution
		{2EB54D26-E9C2-414A-80F3-5A3F36154D55}.Debug|Any CPU.ActiveCfg = Debug|Any CPU
		{2EB54D26-E9C2-414A-80F3-5A3F36154D55}.Debug|Any CPU.Build.0 = Debug|Any CPU
		{2EB54D26-E9C2-414A-80F3-5A3F36154D55}.Release|Any CPU.ActiveCfg = Release|Any CPU
		{2EB54D26-E9C2-414A-80F3-5A3F36154D55}.Release|Any CPU.Build.0 = Release|Any CPU
		{BEC36F39-A277-411E-BA96-4550FC275FE5}.Debug|Any CPU.ActiveCfg = Debug|Any CPU
		{BEC36F39-A277-411E-BA96-4550FC275FE5}.Debug|Any CPU.Build.0 = Debug|Any CPU
		{BEC36F39-A277-411E-BA96-4550FC275FE5}.Debug|Any CPU.Deploy.0 = Debug|Any CPU
		{BEC36F39-A277-411E-BA96-4550FC275FE5}.Release|Any CPU.ActiveCfg = Release|Any CPU
		{BEC36F39-A277-411E-BA96-4550FC275FE5}.Release|Any CPU.Build.0 = Release|Any CPU
		{BEC36F39-A277-411E-BA96-4550FC275FE5}.Release|Any CPU.Deploy.0 = Release|Any CPU
	EndGlobalSection
	GlobalSection(SolutionProperties) = preSolution
		HideSolutionNode = FALSE
	EndGlobalSection
	GlobalSection(ExtensibilityGlobals) = postSolution
		SolutionGuid = {FBB0F0F9-224E-4388-9371-7D6B4A937C00}
	EndGlobalSection
EndGlobal
